
Microsoft Visual Studio Solution File, Format Version 12.00
# Visual Studio 15
VisualStudioVersion = 15.0.27004.2008
MinimumVisualStudioVersion = 10.0.40219.1
Project("{FAE04EC0-301F-11D3-BF4B-00C04F79EFBC}") = "LoginServer", "LoginServer\LoginServer.csproj", "{CBEE83D3-645F-4824-95E0-1872FC6022E9}"
	ProjectSection(ProjectDependencies) = postProject
		{603D1B51-A259-41E8-A6A0-0A2719A77F41} = {603D1B51-A259-41E8-A6A0-0A2719A77F41}
		{FDA2DA6B-64DA-459B-B777-89AB3045D83E} = {FDA2DA6B-64DA-459B-B777-89AB3045D83E}
		{EC9A70A5-BD4F-4679-93E0-053DE363E9E6} = {EC9A70A5-BD4F-4679-93E0-053DE363E9E6}
	EndProjectSection
EndProject
Project("{FAE04EC0-301F-11D3-BF4B-00C04F79EFBC}") = "Database", "Database\Database.csproj", "{EC9A70A5-BD4F-4679-93E0-053DE363E9E6}"
EndProject
Project("{FAE04EC0-301F-11D3-BF4B-00C04F79EFBC}") = "GameServer", "GameServer\GameServer.csproj", "{0A040993-CAE3-4A40-8342-BA0CECCA9B63}"
	ProjectSection(ProjectDependencies) = postProject
		{603D1B51-A259-41E8-A6A0-0A2719A77F41} = {603D1B51-A259-41E8-A6A0-0A2719A77F41}
		{FDA2DA6B-64DA-459B-B777-89AB3045D83E} = {FDA2DA6B-64DA-459B-B777-89AB3045D83E}
		{EC9A70A5-BD4F-4679-93E0-053DE363E9E6} = {EC9A70A5-BD4F-4679-93E0-053DE363E9E6}
	EndProjectSection
EndProject
Project("{FAE04EC0-301F-11D3-BF4B-00C04F79EFBC}") = "Network", "Network\Network.csproj", "{603D1B51-A259-41E8-A6A0-0A2719A77F41}"
EndProject
Project("{FAE04EC0-301F-11D3-BF4B-00C04F79EFBC}") = "Shared", "Shared\Shared.csproj", "{FDA2DA6B-64DA-459B-B777-89AB3045D83E}"
EndProject
Global
	GlobalSection(SolutionConfigurationPlatforms) = preSolution
		Debug|Any CPU = Debug|Any CPU
		Release|Any CPU = Release|Any CPU
	EndGlobalSection
	GlobalSection(ProjectConfigurationPlatforms) = postSolution
		{CBEE83D3-645F-4824-95E0-1872FC6022E9}.Debug|Any CPU.ActiveCfg = Debug|Any CPU
		{CBEE83D3-645F-4824-95E0-1872FC6022E9}.Debug|Any CPU.Build.0 = Debug|Any CPU
		{CBEE83D3-645F-4824-95E0-1872FC6022E9}.Release|Any CPU.ActiveCfg = Release|Any CPU
		{CBEE83D3-645F-4824-95E0-1872FC6022E9}.Release|Any CPU.Build.0 = Release|Any CPU
		{EC9A70A5-BD4F-4679-93E0-053DE363E9E6}.Debug|Any CPU.ActiveCfg = Debug|Any CPU
		{EC9A70A5-BD4F-4679-93E0-053DE363E9E6}.Debug|Any CPU.Build.0 = Debug|Any CPU
		{EC9A70A5-BD4F-4679-93E0-053DE363E9E6}.Release|Any CPU.ActiveCfg = Release|Any CPU
		{EC9A70A5-BD4F-4679-93E0-053DE363E9E6}.Release|Any CPU.Build.0 = Release|Any CPU
		{0A040993-CAE3-4A40-8342-BA0CECCA9B63}.Debug|Any CPU.ActiveCfg = Debug|Any CPU
		{0A040993-CAE3-4A40-8342-BA0CECCA9B63}.Debug|Any CPU.Build.0 = Debug|Any CPU
		{0A040993-CAE3-4A40-8342-BA0CECCA9B63}.Release|Any CPU.ActiveCfg = Release|Any CPU
		{0A040993-CAE3-4A40-8342-BA0CECCA9B63}.Release|Any CPU.Build.0 = Release|Any CPU
		{603D1B51-A259-41E8-A6A0-0A2719A77F41}.Debug|Any CPU.ActiveCfg = Debug|Any CPU
		{603D1B51-A259-41E8-A6A0-0A2719A77F41}.Debug|Any CPU.Build.0 = Debug|Any CPU
		{603D1B51-A259-41E8-A6A0-0A2719A77F41}.Release|Any CPU.ActiveCfg = Release|Any CPU
		{603D1B51-A259-41E8-A6A0-0A2719A77F41}.Release|Any CPU.Build.0 = Release|Any CPU
		{FDA2DA6B-64DA-459B-B777-89AB3045D83E}.Debug|Any CPU.ActiveCfg = Debug|Any CPU
		{FDA2DA6B-64DA-459B-B777-89AB3045D83E}.Debug|Any CPU.Build.0 = Debug|Any CPU
		{FDA2DA6B-64DA-459B-B777-89AB3045D83E}.Release|Any CPU.ActiveCfg = Release|Any CPU
		{FDA2DA6B-64DA-459B-B777-89AB3045D83E}.Release|Any CPU.Build.0 = Release|Any CPU
	EndGlobalSection
	GlobalSection(SolutionProperties) = preSolution
		HideSolutionNode = FALSE
	EndGlobalSection
	GlobalSection(ExtensibilityGlobals) = postSolution
		SolutionGuid = {8FBBBF3A-0116-41AF-8C53-429B555215CD}
	EndGlobalSection
EndGlobal
